// !$*UTF8*$!
{
	archiveVersion = 1;
	classes = {
	};
	objectVersion = 46;
	objects = {

/* Begin PBXBuildFile section */
		B277666C1DABDD740022F69E /* main.m in Sources */ = {isa = PBXBuildFile; fileRef = B277666B1DABDD740022F69E /* main.m */; };
		B277666F1DABDD750022F69E /* AppDelegate.m in Sources */ = {isa = PBXBuildFile; fileRef = B277666E1DABDD750022F69E /* AppDelegate.m */; };
		B27766751DABDD750022F69E /* Main.storyboard in Resources */ = {isa = PBXBuildFile; fileRef = B27766731DABDD750022F69E /* Main.storyboard */; };
		B27766771DABDD750022F69E /* Assets.xcassets in Resources */ = {isa = PBXBuildFile; fileRef = B27766761DABDD750022F69E /* Assets.xcassets */; };
		B277667A1DABDD750022F69E /* LaunchScreen.storyboard in Resources */ = {isa = PBXBuildFile; fileRef = B27766781DABDD750022F69E /* LaunchScreen.storyboard */; };
		B27766831DABDE0C0022F69E /* GestureViewController.m in Sources */ = {isa = PBXBuildFile; fileRef = B27766821DABDE0C0022F69E /* GestureViewController.m */; };
		B2E843731DB464C500F57762 /* NotificationView.m in Sources */ = {isa = PBXBuildFile; fileRef = B2E843721DB464C500F57762 /* NotificationView.m */; };
/* End PBXBuildFile section */

/* Begin PBXFileReference section */
		B27766671DABDD740022F69E /* gestures.app */ = {isa = PBXFileReference; explicitFileType = wrapper.application; includeInIndex = 0; path = gestures.app; sourceTree = BUILT_PRODUCTS_DIR; };
		B277666B1DABDD740022F69E /* main.m */ = {isa = PBXFileReference; lastKnownFileType = sourcecode.c.objc; path = main.m; sourceTree = "<group>"; };
		B277666D1DABDD750022F69E /* AppDelegate.h */ = {isa = PBXFileReference; lastKnownFileType = sourcecode.c.h; path = AppDelegate.h; sourceTree = "<group>"; };
		B277666E1DABDD750022F69E /* AppDelegate.m */ = {isa = PBXFileReference; lastKnownFileType = sourcecode.c.objc; path = AppDelegate.m; sourceTree = "<group>"; };
		B27766741DABDD750022F69E /* Base */ = {isa = PBXFileReference; lastKnownFileType = file.storyboard; name = Base; path = Base.lproj/Main.storyboard; sourceTree = "<group>"; };
		B27766761DABDD750022F69E /* Assets.xcassets */ = {isa = PBXFileReference; lastKnownFileType = folder.assetcatalog; path = Assets.xcassets; sourceTree = "<group>"; };
		B27766791DABDD750022F69E /* Base */ = {isa = PBXFileReference; lastKnownFileType = file.storyboard; name = Base; path = Base.lproj/LaunchScreen.storyboard; sourceTree = "<group>"; };
		B277667B1DABDD750022F69E /* Info.plist */ = {isa = PBXFileReference; lastKnownFileType = text.plist.xml; path = Info.plist; sourceTree = "<group>"; };
		B27766811DABDE0C0022F69E /* GestureViewController.h */ = {isa = PBXFileReference; fileEncoding = 4; lastKnownFileType = sourcecode.c.h; path = GestureViewController.h; sourceTree = "<group>"; };
		B27766821DABDE0C0022F69E /* GestureViewController.m */ = {isa = PBXFileReference; fileEncoding = 4; lastKnownFileType = sourcecode.c.objc; path = GestureViewController.m; sourceTree = "<group>"; };
		B2E843711DB464C500F57762 /* NotificationView.h */ = {isa = PBXFileReference; fileEncoding = 4; lastKnownFileType = sourcecode.c.h; name = NotificationView.h; path = ../NotificationView.h; sourceTree = "<group>"; };
		B2E843721DB464C500F57762 /* NotificationView.m */ = {isa = PBXFileReference; fileEncoding = 4; lastKnownFileType = sourcecode.c.objc; name = NotificationView.m; path = ../NotificationView.m; sourceTree = "<group>"; };
/* End PBXFileReference section */

/* Begin PBXFrameworksBuildPhase section */
		B27766641DABDD740022F69E /* Frameworks */ = {
			isa = PBXFrameworksBuildPhase;
			buildActionMask = 2147483647;
			files = (
			);
			runOnlyForDeploymentPostprocessing = 0;
		};
/* End PBXFrameworksBuildPhase section */

/* Begin PBXGroup section */
		B277665E1DABDD740022F69E = {
			isa = PBXGroup;
			children = (
				B27766691DABDD740022F69E /* gestures */,
				B27766681DABDD740022F69E /* Products */,
			);
			sourceTree = "<group>";
		};
		B27766681DABDD740022F69E /* Products */ = {
			isa = PBXGroup;
			children = (
				B27766671DABDD740022F69E /* gestures.app */,
			);
			name = Products;
			sourceTree = "<group>";
		};
		B27766691DABDD740022F69E /* gestures */ = {
			isa = PBXGroup;
			children = (
				B277666D1DABDD750022F69E /* AppDelegate.h */,
				B277666E1DABDD750022F69E /* AppDelegate.m */,
				B2E843711DB464C500F57762 /* NotificationView.h */,
				B2E843721DB464C500F57762 /* NotificationView.m */,
				B27766811DABDE0C0022F69E /* GestureViewController.h */,
				B27766821DABDE0C0022F69E /* GestureViewController.m */,
				B27766731DABDD750022F69E /* Main.storyboard */,
				B27766761DABDD750022F69E /* Assets.xcassets */,
				B27766781DABDD750022F69E /* LaunchScreen.storyboard */,
				B277667B1DABDD750022F69E /* Info.plist */,
				B277666A1DABDD740022F69E /* Supporting Files */,
			);
			path = gestures;
			sourceTree = "<group>";
		};
		B277666A1DABDD740022F69E /* Supporting Files */ = {
			isa = PBXGroup;
			children = (
				B277666B1DABDD740022F69E /* main.m */,
			);
			name = "Supporting Files";
			sourceTree = "<group>";
		};
/* End PBXGroup section */

/* Begin PBXNativeTarget section */
		B27766661DABDD740022F69E /* gestures */ = {
			isa = PBXNativeTarget;
			buildConfigurationList = B277667E1DABDD750022F69E /* Build configuration list for PBXNativeTarget "gestures" */;
			buildPhases = (
				B27766631DABDD740022F69E /* Sources */,
				B27766641DABDD740022F69E /* Frameworks */,
				B27766651DABDD740022F69E /* Resources */,
			);
			buildRules = (
			);
			dependencies = (
			);
			name = gestures;
			productName = gestures;
			productReference = B27766671DABDD740022F69E /* gestures.app */;
			productType = "com.apple.product-type.application";
		};
/* End PBXNativeTarget section */

/* Begin PBXProject section */
		B277665F1DABDD740022F69E /* Project object */ = {
			isa = PBXProject;
			attributes = {
				LastUpgradeCheck = 0800;
				ORGANIZATIONNAME = "Will Garner";
				TargetAttributes = {
					B27766661DABDD740022F69E = {
						CreatedOnToolsVersion = 8.0;
						ProvisioningStyle = Automatic;
					};
				};
			};
			buildConfigurationList = B27766621DABDD740022F69E /* Build configuration list for PBXProject "gestures" */;
			compatibilityVersion = "Xcode 3.2";
			developmentRegion = English;
			hasScannedForEncodings = 0;
			knownRegions = (
				en,
				Base,
			);
			mainGroup = B277665E1DABDD740022F69E;
			productRefGroup = B27766681DABDD740022F69E /* Products */;
			projectDirPath = "";
			projectRoot = "";
			targets = (
				B27766661DABDD740022F69E /* gestures */,
			);
		};
/* End PBXProject section */

/* Begin PBXResourcesBuildPhase section */
		B27766651DABDD740022F69E /* Resources */ = {
			isa = PBXResourcesBuildPhase;
			buildActionMask = 2147483647;
			files = (
				B277667A1DABDD750022F69E /* LaunchScreen.storyboard in Resources */,
				B27766771DABDD750022F69E /* Assets.xcassets in Resources */,
				B27766751DABDD750022F69E /* Main.storyboard in Resources */,
			);
			runOnlyForDeploymentPostprocessing = 0;
		};
/* End PBXResourcesBuildPhase section */

/* Begin PBXSourcesBuildPhase section */
		B27766631DABDD740022F69E /* Sources */ = {
			isa = PBXSourcesBuildPhase;
			buildActionMask = 2147483647;
			files = (
				B27766831DABDE0C0022F69E /* GestureViewController.m in Sources */,
				B277666F1DABDD750022F69E /* AppDelegate.m in Sources */,
				B277666C1DABDD740022F69E /* main.m in Sources */,
				B2E843731DB464C500F57762 /* NotificationView.m in Sources */,
			);
			runOnlyForDeploymentPostprocessing = 0;
		};
/* End PBXSourcesBuildPhase section */

/* Begin PBXVariantGroup section */
		B27766731DABDD750022F69E /* Main.storyboard */ = {
			isa = PBXVariantGroup;
			children = (
				B27766741DABDD750022F69E /* Base */,
			);
			name = Main.storyboard;
			sourceTree = "<group>";
		};
		B27766781DABDD750022F69E /* LaunchScreen.storyboard */ = {
			isa = PBXVariantGroup;
			children = (
				B27766791DABDD750022F69E /* Base */,
			);
			name = LaunchScreen.storyboard;
			sourceTree = "<group>";
		};
/* End PBXVariantGroup section */

/* Begin XCBuildConfiguration section */
		B277667C1DABDD750022F69E /* Debug */ = {
			isa = XCBuildConfiguration;
			buildSettings = {
				ALWAYS_SEARCH_USER_PATHS = NO;
				CLANG_ANALYZER_NONNULL = YES;
				CLANG_CXX_LANGUAGE_STANDARD = "gnu++0x";
				CLANG_CXX_LIBRARY = "libc++";
				CLANG_ENABLE_MODULES = YES;
				CLANG_ENABLE_OBJC_ARC = YES;
				CLANG_WARN_BOOL_CONVERSION = YES;
				CLANG_WARN_CONSTANT_CONVERSION = YES;
				CLANG_WARN_DIRECT_OBJC_ISA_USAGE = YES_ERROR;
				CLANG_WARN_DOCUMENTATION_COMMENTS = YES;
				CLANG_WARN_EMPTY_BODY = YES;
				CLANG_WARN_ENUM_CONVERSION = YES;
				CLANG_WARN_INFINITE_RECURSION = YES;
				CLANG_WARN_INT_CONVERSION = YES;
				CLANG_WARN_OBJC_ROOT_CLASS = YES_ERROR;
				CLANG_WARN_SUSPICIOUS_MOVES = YES;
				CLANG_WARN_UNREACHABLE_CODE = YES;
				CLANG_WARN__DUPLICATE_METHOD_MATCH = YES;
				"CODE_SIGN_IDENTITY[sdk=iphoneos*]" = "iPhone Developer";
				COPY_PHASE_STRIP = NO;
				DEBUG_INFORMATION_FORMAT = dwarf;
				ENABLE_STRICT_OBJC_MSGSEND = YES;
				ENABLE_TESTABILITY = YES;
				GCC_C_LANGUAGE_STANDARD = gnu99;
				GCC_DYNAMIC_NO_PIC = NO;
				GCC_NO_COMMON_BLOCKS = YES;
				GCC_OPTIMIZATION_LEVEL = 0;
				GCC_PREPROCESSOR_DEFINITIONS = (
					"DEBUG=1",
					"$(inherited)",
				);
				GCC_WARN_64_TO_32_BIT_CONVERSION = YES;
				GCC_WARN_ABOUT_RETURN_TYPE = YES_ERROR;
				GCC_WARN_UNDECLARED_SELECTOR = YES;
				GCC_WARN_UNINITIALIZED_AUTOS = YES_AGGRESSIVE;
				GCC_WARN_UNUSED_FUNCTION = YES;
				GCC_WARN_UNUSED_VARIABLE = YES;
				IPHONEOS_DEPLOYMENT_TARGET = 10.0;
				MTL_ENABLE_DEBUG_INFO = YES;
				ONLY_ACTIVE_ARCH = YES;
				SDKROOT = iphoneos;
				TARGETED_DEVICE_FAMILY = "1,2";
			};
			name = Debug;
		};
		B277667D1DABDD750022F69E /* Release */ = {
			isa = XCBuildConfiguration;
			buildSettings = {
				ALWAYS_SEARCH_USER_PATHS = NO;
				CLANG_ANALYZER_NONNULL = YES;
				CLANG_CXX_LANGUAGE_STANDARD = "gnu++0x";
				CLANG_CXX_LIBRARY = "libc++";
				CLANG_ENABLE_MODULES = YES;
				CLANG_ENABLE_OBJC_ARC = YES;
				CLANG_WARN_BOOL_CONVERSION = YES;
				CLANG_WARN_CONSTANT_CONVERSION = YES;
				CLANG_WARN_DIRECT_OBJC_ISA_USAGE = YES_ERROR;
				CLANG_WARN_DOCUMENTATION_COMMENTS = YES;
				CLANG_WARN_EMPTY_BODY = YES;
				CLANG_WARN_ENUM_CONVERSION = YES;
				CLANG_WARN_INFINITE_RECURSION = YES;
				CLANG_WARN_INT_CONVERSION = YES;
				CLANG_WARN_OBJC_ROOT_CLASS = YES_ERROR;
				CLANG_WARN_SUSPICIOUS_MOVES = YES;
				CLANG_WARN_UNREACHABLE_CODE = YES;
				CLANG_WARN__DUPLICATE_METHOD_MATCH = YES;
				"CODE_SIGN_IDENTITY[sdk=iphoneos*]" = "iPhone Developer";
				COPY_PHASE_STRIP = NO;
				DEBUG_INFORMATION_FORMAT = "dwarf-with-dsym";
				ENABLE_NS_ASSERTIONS = NO;
				ENABLE_STRICT_OBJC_MSGSEND = YES;
				GCC_C_LANGUAGE_STANDARD = gnu99;
				GCC_NO_COMMON_BLOCKS = YES;
				GCC_WARN_64_TO_32_BIT_CONVERSION = YES;
				GCC_WARN_ABOUT_RETURN_TYPE = YES_ERROR;
				GCC_WARN_UNDECLARED_SELECTOR = YES;
				GCC_WARN_UNINITIALIZED_AUTOS = YES_AGGRESSIVE;
				GCC_WARN_UNUSED_FUNCTION = YES;
				GCC_WARN_UNUSED_VARIABLE = YES;
				IPHONEOS_DEPLOYMENT_TARGET = 10.0;
				MTL_ENABLE_DEBUG_INFO = NO;
				SDKROOT = iphoneos;
				TARGETED_DEVICE_FAMILY = "1,2";
				VALIDATE_PRODUCT = YES;
			};
			name = Release;
		};
		B277667F1DABDD750022F69E /* Debug */ = {
			isa = XCBuildConfiguration;
			buildSettings = {
				ASSETCATALOG_COMPILER_APPICON_NAME = AppIcon;
				INFOPLIST_FILE = gestures/Info.plist;
				LD_RUNPATH_SEARCH_PATHS = "$(inherited) @executable_path/Frameworks";
				PRODUCT_BUNDLE_IDENTIFIER = com.antigravitystudios.gestures;
				PRODUCT_NAME = "$(TARGET_NAME)";
			};
			name = Debug;
		};
		B27766801DABDD750022F69E /* Release */ = {
			isa = XCBuildConfiguration;
			buildSettings = {
				ASSETCATALOG_COMPILER_APPICON_NAME = AppIcon;
				INFOPLIST_FILE = gestures/Info.plist;
				LD_RUNPATH_SEARCH_PATHS = "$(inherited) @executable_path/Frameworks";
				PRODUCT_BUNDLE_IDENTIFIER = com.antigravitystudios.gestures;
				PRODUCT_NAME = "$(TARGET_NAME)";
			};
			name = Release;
		};
/* End XCBuildConfiguration section */

/* Begin XCConfigurationList section */
		B27766621DABDD740022F69E /* Build configuration list for PBXProject "gestures" */ = {
			isa = XCConfigurationList;
			buildConfigurations = (
				B277667C1DABDD750022F69E /* Debug */,
				B277667D1DABDD750022F69E /* Release */,
			);
			defaultConfigurationIsVisible = 0;
			defaultConfigurationName = Release;
		};
		B277667E1DABDD750022F69E /* Build configuration list for PBXNativeTarget "gestures" */ = {
			isa = XCConfigurationList;
			buildConfigurations = (
				B277667F1DABDD750022F69E /* Debug */,
				B27766801DABDD750022F69E /* Release */,
			);
			defaultConfigurationIsVisible = 0;
			defaultConfigurationName = Release;
		};
/* End XCConfigurationList section */
	};
	rootObject = B277665F1DABDD740022F69E /* Project object */;
}
